
Microsoft Visual Studio Solution File, Format Version 12.00
# Visual Studio Version 16
VisualStudioVersion = 16.0.29230.47
MinimumVisualStudioVersion = 10.0.40219.1
Project("{FAE04EC0-301F-11D3-BF4B-00C04F79EFBC}") = "API", "API\API.csproj", "{FD7C4DA5-B743-4828-9E11-217FE0F5D470}"
EndProject
Project("{FAE04EC0-301F-11D3-BF4B-00C04F79EFBC}") = "DAO", "DAO\DAO.csproj", "{F90B33AE-C56C-48D8-A015-9F092A85351C}"
EndProject
Project("{FAE04EC0-301F-11D3-BF4B-00C04F79EFBC}") = "Domain", "Domain\Domain.csproj", "{EF9E991E-B3D5-4E71-9EFE-C0221E380745}"
EndProject
Project("{FAE04EC0-301F-11D3-BF4B-00C04F79EFBC}") = "Tests", "Tests\Tests.csproj", "{25257C14-1D93-4CE3-AF2E-43632792DE89}"
EndProject
Global
	GlobalSection(SolutionConfigurationPlatforms) = preSolution
		Debug|Any CPU = Debug|Any CPU
		Release|Any CPU = Release|Any CPU
	EndGlobalSection
	GlobalSection(ProjectConfigurationPlatforms) = postSolution
		{FD7C4DA5-B743-4828-9E11-217FE0F5D470}.Debug|Any CPU.ActiveCfg = Debug|Any CPU
		{FD7C4DA5-B743-4828-9E11-217FE0F5D470}.Debug|Any CPU.Build.0 = Debug|Any CPU
		{FD7C4DA5-B743-4828-9E11-217FE0F5D470}.Release|Any CPU.ActiveCfg = Release|Any CPU
		{FD7C4DA5-B743-4828-9E11-217FE0F5D470}.Release|Any CPU.Build.0 = Release|Any CPU
		{F90B33AE-C56C-48D8-A015-9F092A85351C}.Debug|Any CPU.ActiveCfg = Debug|Any CPU
		{F90B33AE-C56C-48D8-A015-9F092A85351C}.Debug|Any CPU.Build.0 = Debug|Any CPU
		{F90B33AE-C56C-48D8-A015-9F092A85351C}.Release|Any CPU.ActiveCfg = Release|Any CPU
		{F90B33AE-C56C-48D8-A015-9F092A85351C}.Release|Any CPU.Build.0 = Release|Any CPU
		{EF9E991E-B3D5-4E71-9EFE-C0221E380745}.Debug|Any CPU.ActiveCfg = Debug|Any CPU
		{EF9E991E-B3D5-4E71-9EFE-C0221E380745}.Debug|Any CPU.Build.0 = Debug|Any CPU
		{EF9E991E-B3D5-4E71-9EFE-C0221E380745}.Release|Any CPU.ActiveCfg = Release|Any CPU
		{EF9E991E-B3D5-4E71-9EFE-C0221E380745}.Release|Any CPU.Build.0 = Release|Any CPU
		{25257C14-1D93-4CE3-AF2E-43632792DE89}.Debug|Any CPU.ActiveCfg = Debug|Any CPU
		{25257C14-1D93-4CE3-AF2E-43632792DE89}.Debug|Any CPU.Build.0 = Debug|Any CPU
		{25257C14-1D93-4CE3-AF2E-43632792DE89}.Release|Any CPU.ActiveCfg = Release|Any CPU
		{25257C14-1D93-4CE3-AF2E-43632792DE89}.Release|Any CPU.Build.0 = Release|Any CPU
	EndGlobalSection
	GlobalSection(SolutionProperties) = preSolution
		HideSolutionNode = FALSE
	EndGlobalSection
	GlobalSection(ExtensibilityGlobals) = postSolution
		SolutionGuid = {473C9307-4ACE-4665-BFA3-51246F3845F1}
	EndGlobalSection
EndGlobal
